
Microsoft Visual Studio Solution File, Format Version 12.00
# Visual Studio Version 17
VisualStudioVersion = 17.4.33403.182
MinimumVisualStudioVersion = 10.0.40219.1
Project("{FAE04EC0-301F-11D3-BF4B-00C04F79EFBC}") = "Part 5.5 - More Classes", "Part 5.5 - More Classes.csproj", "{80AD0B9E-841E-46F5-9227-51CF650EC647}"
EndProject
Global
	GlobalSection(SolutionConfigurationPlatforms) = preSolution
		Debug|Any CPU = Debug|Any CPU
		Release|Any CPU = Release|Any CPU
	EndGlobalSection
	GlobalSection(ProjectConfigurationPlatforms) = postSolution
		{80AD0B9E-841E-46F5-9227-51CF650EC647}.Debug|Any CPU.ActiveCfg = Debug|Any CPU
		{80AD0B9E-841E-46F5-9227-51CF650EC647}.Debug|Any CPU.Build.0 = Debug|Any CPU
		{80AD0B9E-841E-46F5-9227-51CF650EC647}.Release|Any CPU.ActiveCfg = Release|Any CPU
		{80AD0B9E-841E-46F5-9227-51CF650EC647}.Release|Any CPU.Build.0 = Release|Any CPU
	EndGlobalSection
	GlobalSection(SolutionProperties) = preSolution
		HideSolutionNode = FALSE
	EndGlobalSection
	GlobalSection(ExtensibilityGlobals) = postSolution
		SolutionGuid = {48CD5813-4B8C-404A-ACB5-58C534283D90}
	EndGlobalSection
EndGlobal
